
Microsoft Visual Studio Solution File, Format Version 12.00
# Visual Studio Version 17
VisualStudioVersion = 17.0.32014.148
MinimumVisualStudioVersion = 10.0.40219.1
Project("{FAE04EC0-301F-11D3-BF4B-00C04F79EFBC}") = "FlowLayoutBasic", "FlowLayoutBasic\FlowLayoutBasic.csproj", "{06AD2710-D348-4892-8B3E-4ED93DDA5904}"
EndProject
Global
	GlobalSection(SolutionConfigurationPlatforms) = preSolution
		Debug|Any CPU = Debug|Any CPU
		Release|Any CPU = Release|Any CPU
	EndGlobalSection
	GlobalSection(ProjectConfigurationPlatforms) = postSolution
		{06AD2710-D348-4892-8B3E-4ED93DDA5904}.Debug|Any CPU.ActiveCfg = Debug|Any CPU
		{06AD2710-D348-4892-8B3E-4ED93DDA5904}.Debug|Any CPU.Build.0 = Debug|Any CPU
		{06AD2710-D348-4892-8B3E-4ED93DDA5904}.Release|Any CPU.ActiveCfg = Release|Any CPU
		{06AD2710-D348-4892-8B3E-4ED93DDA5904}.Release|Any CPU.Build.0 = Release|Any CPU
	EndGlobalSection
	GlobalSection(SolutionProperties) = preSolution
		HideSolutionNode = FALSE
	EndGlobalSection
	GlobalSection(ExtensibilityGlobals) = postSolution
		SolutionGuid = {DF1F0F1B-A2DA-497D-8B5D-2F669A9821BC}
	EndGlobalSection
EndGlobal
